
Microsoft Visual Studio Solution File, Format Version 12.00
# Visual Studio Version 17
VisualStudioVersion = 17.3.32811.315
MinimumVisualStudioVersion = 10.0.40219.1
Project("{9A19103F-16F7-4668-BE54-9A1E7A4F7556}") = "Entities", "Entity\Entities.csproj", "{47C6E379-7E70-4A05-B231-EB33F7620678}"
EndProject
Project("{9A19103F-16F7-4668-BE54-9A1E7A4F7556}") = "Business", "Business\Business.csproj", "{73696E41-6605-4A5E-B91F-88758107B0D4}"
EndProject
Project("{9A19103F-16F7-4668-BE54-9A1E7A4F7556}") = "DataAccess", "DataAccess\DataAccess.csproj", "{A978CD01-FCFD-4DAC-A446-27326016A7E2}"
EndProject
Project("{9A19103F-16F7-4668-BE54-9A1E7A4F7556}") = "UI", "UI\UI.csproj", "{913031CA-4CDE-4B34-9D0F-405FC0E9BB57}"
EndProject
Project("{FAE04EC0-301F-11D3-BF4B-00C04F79EFBC}") = "Tourniquet", "Tourniquet\Tourniquet.csproj", "{8C30C057-A073-4E9C-9095-4E39770588CE}"
EndProject
Global
	GlobalSection(SolutionConfigurationPlatforms) = preSolution
		Debug|Any CPU = Debug|Any CPU
		Release|Any CPU = Release|Any CPU
	EndGlobalSection
	GlobalSection(ProjectConfigurationPlatforms) = postSolution
		{47C6E379-7E70-4A05-B231-EB33F7620678}.Debug|Any CPU.ActiveCfg = Debug|Any CPU
		{47C6E379-7E70-4A05-B231-EB33F7620678}.Debug|Any CPU.Build.0 = Debug|Any CPU
		{47C6E379-7E70-4A05-B231-EB33F7620678}.Release|Any CPU.ActiveCfg = Release|Any CPU
		{47C6E379-7E70-4A05-B231-EB33F7620678}.Release|Any CPU.Build.0 = Release|Any CPU
		{73696E41-6605-4A5E-B91F-88758107B0D4}.Debug|Any CPU.ActiveCfg = Debug|Any CPU
		{73696E41-6605-4A5E-B91F-88758107B0D4}.Debug|Any CPU.Build.0 = Debug|Any CPU
		{73696E41-6605-4A5E-B91F-88758107B0D4}.Release|Any CPU.ActiveCfg = Release|Any CPU
		{73696E41-6605-4A5E-B91F-88758107B0D4}.Release|Any CPU.Build.0 = Release|Any CPU
		{A978CD01-FCFD-4DAC-A446-27326016A7E2}.Debug|Any CPU.ActiveCfg = Debug|Any CPU
		{A978CD01-FCFD-4DAC-A446-27326016A7E2}.Debug|Any CPU.Build.0 = Debug|Any CPU
		{A978CD01-FCFD-4DAC-A446-27326016A7E2}.Release|Any CPU.ActiveCfg = Release|Any CPU
		{A978CD01-FCFD-4DAC-A446-27326016A7E2}.Release|Any CPU.Build.0 = Release|Any CPU
		{913031CA-4CDE-4B34-9D0F-405FC0E9BB57}.Debug|Any CPU.ActiveCfg = Debug|Any CPU
		{913031CA-4CDE-4B34-9D0F-405FC0E9BB57}.Debug|Any CPU.Build.0 = Debug|Any CPU
		{913031CA-4CDE-4B34-9D0F-405FC0E9BB57}.Release|Any CPU.ActiveCfg = Release|Any CPU
		{913031CA-4CDE-4B34-9D0F-405FC0E9BB57}.Release|Any CPU.Build.0 = Release|Any CPU
		{8C30C057-A073-4E9C-9095-4E39770588CE}.Debug|Any CPU.ActiveCfg = Debug|Any CPU
		{8C30C057-A073-4E9C-9095-4E39770588CE}.Debug|Any CPU.Build.0 = Debug|Any CPU
		{8C30C057-A073-4E9C-9095-4E39770588CE}.Release|Any CPU.ActiveCfg = Release|Any CPU
		{8C30C057-A073-4E9C-9095-4E39770588CE}.Release|Any CPU.Build.0 = Release|Any CPU
	EndGlobalSection
	GlobalSection(SolutionProperties) = preSolution
		HideSolutionNode = FALSE
	EndGlobalSection
	GlobalSection(ExtensibilityGlobals) = postSolution
		SolutionGuid = {9718EB32-30FD-488F-8868-C2876B889BA4}
	EndGlobalSection
EndGlobal
